// !$*UTF8*$!
{
	archiveVersion = 1;
	classes = {
	};
	objectVersion = 46;
	objects = {

/* Begin PBXBuildFile section */
		8CB72B591917155D00D5AE24 /* Foundation.framework in Frameworks */ = {isa = PBXBuildFile; fileRef = 8CB72B581917155D00D5AE24 /* Foundation.framework */; };
		8CB72B5B1917155D00D5AE24 /* CoreGraphics.framework in Frameworks */ = {isa = PBXBuildFile; fileRef = 8CB72B5A1917155D00D5AE24 /* CoreGraphics.framework */; };
		8CB72B5D1917155D00D5AE24 /* UIKit.framework in Frameworks */ = {isa = PBXBuildFile; fileRef = 8CB72B5C1917155D00D5AE24 /* UIKit.framework */; };
		8CB72B631917155D00D5AE24 /* InfoPlist.strings in Resources */ = {isa = PBXBuildFile; fileRef = 8CB72B611917155D00D5AE24 /* InfoPlist.strings */; };
		8CB72B651917155D00D5AE24 /* main.m in Sources */ = {isa = PBXBuildFile; fileRef = 8CB72B641917155D00D5AE24 /* main.m */; };
		8CB72B691917155D00D5AE24 /* JRSAppDelegate.m in Sources */ = {isa = PBXBuildFile; fileRef = 8CB72B681917155D00D5AE24 /* JRSAppDelegate.m */; };
		8CB72B6B1917155D00D5AE24 /* Images.xcassets in Resources */ = {isa = PBXBuildFile; fileRef = 8CB72B6A1917155D00D5AE24 /* Images.xcassets */; };
		8CB72B721917155D00D5AE24 /* XCTest.framework in Frameworks */ = {isa = PBXBuildFile; fileRef = 8CB72B711917155D00D5AE24 /* XCTest.framework */; };
		8CB72B731917155D00D5AE24 /* Foundation.framework in Frameworks */ = {isa = PBXBuildFile; fileRef = 8CB72B581917155D00D5AE24 /* Foundation.framework */; };
		8CB72B741917155D00D5AE24 /* UIKit.framework in Frameworks */ = {isa = PBXBuildFile; fileRef = 8CB72B5C1917155D00D5AE24 /* UIKit.framework */; };
		8CB72B7C1917155D00D5AE24 /* InfoPlist.strings in Resources */ = {isa = PBXBuildFile; fileRef = 8CB72B7A1917155D00D5AE24 /* InfoPlist.strings */; };
		8CB72B7E1917155D00D5AE24 /* ImageViewTests.m in Sources */ = {isa = PBXBuildFile; fileRef = 8CB72B7D1917155D00D5AE24 /* ImageViewTests.m */; };
		8CB72B89191715C900D5AE24 /* JRSViewController.m in Sources */ = {isa = PBXBuildFile; fileRef = 8CB72B88191715C900D5AE24 /* JRSViewController.m */; };
		8CB72B8C19171EB000D5AE24 /* phone.png in Resources */ = {isa = PBXBuildFile; fileRef = 8CB72B8A19171EB000D5AE24 /* phone.png */; };
		8CB72B8D19171EB000D5AE24 /* phone@2x.png in Resources */ = {isa = PBXBuildFile; fileRef = 8CB72B8B19171EB000D5AE24 /* phone@2x.png */; };
/* End PBXBuildFile section */

/* Begin PBXContainerItemProxy section */
		8CB72B751917155D00D5AE24 /* PBXContainerItemProxy */ = {
			isa = PBXContainerItemProxy;
			containerPortal = 8CB72B4D1917155D00D5AE24 /* Project object */;
			proxyType = 1;
			remoteGlobalIDString = 8CB72B541917155D00D5AE24;
			remoteInfo = ImageView;
		};
/* End PBXContainerItemProxy section */

/* Begin PBXFileReference section */
		8CB72B551917155D00D5AE24 /* ImageView.app */ = {isa = PBXFileReference; explicitFileType = wrapper.application; includeInIndex = 0; path = ImageView.app; sourceTree = BUILT_PRODUCTS_DIR; };
		8CB72B581917155D00D5AE24 /* Foundation.framework */ = {isa = PBXFileReference; lastKnownFileType = wrapper.framework; name = Foundation.framework; path = System/Library/Frameworks/Foundation.framework; sourceTree = SDKROOT; };
		8CB72B5A1917155D00D5AE24 /* CoreGraphics.framework */ = {isa = PBXFileReference; lastKnownFileType = wrapper.framework; name = CoreGraphics.framework; path = System/Library/Frameworks/CoreGraphics.framework; sourceTree = SDKROOT; };
		8CB72B5C1917155D00D5AE24 /* UIKit.framework */ = {isa = PBXFileReference; lastKnownFileType = wrapper.framework; name = UIKit.framework; path = System/Library/Frameworks/UIKit.framework; sourceTree = SDKROOT; };
		8CB72B601917155D00D5AE24 /* ImageView-Info.plist */ = {isa = PBXFileReference; lastKnownFileType = text.plist.xml; path = "ImageView-Info.plist"; sourceTree = "<group>"; };
		8CB72B621917155D00D5AE24 /* en */ = {isa = PBXFileReference; lastKnownFileType = text.plist.strings; name = en; path = en.lproj/InfoPlist.strings; sourceTree = "<group>"; };
		8CB72B641917155D00D5AE24 /* main.m */ = {isa = PBXFileReference; lastKnownFileType = sourcecode.c.objc; path = main.m; sourceTree = "<group>"; };
		8CB72B661917155D00D5AE24 /* ImageView-Prefix.pch */ = {isa = PBXFileReference; lastKnownFileType = sourcecode.c.h; path = "ImageView-Prefix.pch"; sourceTree = "<group>"; };
		8CB72B671917155D00D5AE24 /* JRSAppDelegate.h */ = {isa = PBXFileReference; lastKnownFileType = sourcecode.c.h; path = JRSAppDelegate.h; sourceTree = "<group>"; };
		8CB72B681917155D00D5AE24 /* JRSAppDelegate.m */ = {isa = PBXFileReference; lastKnownFileType = sourcecode.c.objc; path = JRSAppDelegate.m; sourceTree = "<group>"; };
		8CB72B6A1917155D00D5AE24 /* Images.xcassets */ = {isa = PBXFileReference; lastKnownFileType = folder.assetcatalog; path = Images.xcassets; sourceTree = "<group>"; };
		8CB72B701917155D00D5AE24 /* ImageViewTests.xctest */ = {isa = PBXFileReference; explicitFileType = wrapper.cfbundle; includeInIndex = 0; path = ImageViewTests.xctest; sourceTree = BUILT_PRODUCTS_DIR; };
		8CB72B711917155D00D5AE24 /* XCTest.framework */ = {isa = PBXFileReference; lastKnownFileType = wrapper.framework; name = XCTest.framework; path = Library/Frameworks/XCTest.framework; sourceTree = DEVELOPER_DIR; };
		8CB72B791917155D00D5AE24 /* ImageViewTests-Info.plist */ = {isa = PBXFileReference; lastKnownFileType = text.plist.xml; path = "ImageViewTests-Info.plist"; sourceTree = "<group>"; };
		8CB72B7B1917155D00D5AE24 /* en */ = {isa = PBXFileReference; lastKnownFileType = text.plist.strings; name = en; path = en.lproj/InfoPlist.strings; sourceTree = "<group>"; };
		8CB72B7D1917155D00D5AE24 /* ImageViewTests.m */ = {isa = PBXFileReference; lastKnownFileType = sourcecode.c.objc; path = ImageViewTests.m; sourceTree = "<group>"; };
		8CB72B87191715C900D5AE24 /* JRSViewController.h */ = {isa = PBXFileReference; fileEncoding = 4; lastKnownFileType = sourcecode.c.h; path = JRSViewController.h; sourceTree = "<group>"; };
		8CB72B88191715C900D5AE24 /* JRSViewController.m */ = {isa = PBXFileReference; fileEncoding = 4; lastKnownFileType = sourcecode.c.objc; path = JRSViewController.m; sourceTree = "<group>"; };
		8CB72B8A19171EB000D5AE24 /* phone.png */ = {isa = PBXFileReference; lastKnownFileType = image.png; path = phone.png; sourceTree = "<group>"; };
		8CB72B8B19171EB000D5AE24 /* phone@2x.png */ = {isa = PBXFileReference; lastKnownFileType = image.png; path = "phone@2x.png"; sourceTree = "<group>"; };
/* End PBXFileReference section */

/* Begin PBXFrameworksBuildPhase section */
		8CB72B521917155D00D5AE24 /* Frameworks */ = {
			isa = PBXFrameworksBuildPhase;
			buildActionMask = 2147483647;
			files = (
				8CB72B5B1917155D00D5AE24 /* CoreGraphics.framework in Frameworks */,
				8CB72B5D1917155D00D5AE24 /* UIKit.framework in Frameworks */,
				8CB72B591917155D00D5AE24 /* Foundation.framework in Frameworks */,
			);
			runOnlyForDeploymentPostprocessing = 0;
		};
		8CB72B6D1917155D00D5AE24 /* Frameworks */ = {
			isa = PBXFrameworksBuildPhase;
			buildActionMask = 2147483647;
			files = (
				8CB72B721917155D00D5AE24 /* XCTest.framework in Frameworks */,
				8CB72B741917155D00D5AE24 /* UIKit.framework in Frameworks */,
				8CB72B731917155D00D5AE24 /* Foundation.framework in Frameworks */,
			);
			runOnlyForDeploymentPostprocessing = 0;
		};
/* End PBXFrameworksBuildPhase section */

/* Begin PBXGroup section */
		8CB72B4C1917155D00D5AE24 = {
			isa = PBXGroup;
			children = (
				8CB72B8A19171EB000D5AE24 /* phone.png */,
				8CB72B8B19171EB000D5AE24 /* phone@2x.png */,
				8CB72B5E1917155D00D5AE24 /* ImageView */,
				8CB72B771917155D00D5AE24 /* ImageViewTests */,
				8CB72B571917155D00D5AE24 /* Frameworks */,
				8CB72B561917155D00D5AE24 /* Products */,
			);
			sourceTree = "<group>";
		};
		8CB72B561917155D00D5AE24 /* Products */ = {
			isa = PBXGroup;
			children = (
				8CB72B551917155D00D5AE24 /* ImageView.app */,
				8CB72B701917155D00D5AE24 /* ImageViewTests.xctest */,
			);
			name = Products;
			sourceTree = "<group>";
		};
		8CB72B571917155D00D5AE24 /* Frameworks */ = {
			isa = PBXGroup;
			children = (
				8CB72B581917155D00D5AE24 /* Foundation.framework */,
				8CB72B5A1917155D00D5AE24 /* CoreGraphics.framework */,
				8CB72B5C1917155D00D5AE24 /* UIKit.framework */,
				8CB72B711917155D00D5AE24 /* XCTest.framework */,
			);
			name = Frameworks;
			sourceTree = "<group>";
		};
		8CB72B5E1917155D00D5AE24 /* ImageView */ = {
			isa = PBXGroup;
			children = (
				8CB72B671917155D00D5AE24 /* JRSAppDelegate.h */,
				8CB72B681917155D00D5AE24 /* JRSAppDelegate.m */,
				8CB72B87191715C900D5AE24 /* JRSViewController.h */,
				8CB72B88191715C900D5AE24 /* JRSViewController.m */,
				8CB72B6A1917155D00D5AE24 /* Images.xcassets */,
				8CB72B5F1917155D00D5AE24 /* Supporting Files */,
			);
			path = ImageView;
			sourceTree = "<group>";
		};
		8CB72B5F1917155D00D5AE24 /* Supporting Files */ = {
			isa = PBXGroup;
			children = (
				8CB72B601917155D00D5AE24 /* ImageView-Info.plist */,
				8CB72B611917155D00D5AE24 /* InfoPlist.strings */,
				8CB72B641917155D00D5AE24 /* main.m */,
				8CB72B661917155D00D5AE24 /* ImageView-Prefix.pch */,
			);
			name = "Supporting Files";
			sourceTree = "<group>";
		};
		8CB72B771917155D00D5AE24 /* ImageViewTests */ = {
			isa = PBXGroup;
			children = (
				8CB72B7D1917155D00D5AE24 /* ImageViewTests.m */,
				8CB72B781917155D00D5AE24 /* Supporting Files */,
			);
			path = ImageViewTests;
			sourceTree = "<group>";
		};
		8CB72B781917155D00D5AE24 /* Supporting Files */ = {
			isa = PBXGroup;
			children = (
				8CB72B791917155D00D5AE24 /* ImageViewTests-Info.plist */,
				8CB72B7A1917155D00D5AE24 /* InfoPlist.strings */,
			);
			name = "Supporting Files";
			sourceTree = "<group>";
		};
/* End PBXGroup section */

/* Begin PBXNativeTarget section */
		8CB72B541917155D00D5AE24 /* ImageView */ = {
			isa = PBXNativeTarget;
			buildConfigurationList = 8CB72B811917155D00D5AE24 /* Build configuration list for PBXNativeTarget "ImageView" */;
			buildPhases = (
				8CB72B511917155D00D5AE24 /* Sources */,
				8CB72B521917155D00D5AE24 /* Frameworks */,
				8CB72B531917155D00D5AE24 /* Resources */,
			);
			buildRules = (
			);
			dependencies = (
			);
			name = ImageView;
			productName = ImageView;
			productReference = 8CB72B551917155D00D5AE24 /* ImageView.app */;
			productType = "com.apple.product-type.application";
		};
		8CB72B6F1917155D00D5AE24 /* ImageViewTests */ = {
			isa = PBXNativeTarget;
			buildConfigurationList = 8CB72B841917155D00D5AE24 /* Build configuration list for PBXNativeTarget "ImageViewTests" */;
			buildPhases = (
				8CB72B6C1917155D00D5AE24 /* Sources */,
				8CB72B6D1917155D00D5AE24 /* Frameworks */,
				8CB72B6E1917155D00D5AE24 /* Resources */,
			);
			buildRules = (
			);
			dependencies = (
				8CB72B761917155D00D5AE24 /* PBXTargetDependency */,
			);
			name = ImageViewTests;
			productName = ImageViewTests;
			productReference = 8CB72B701917155D00D5AE24 /* ImageViewTests.xctest */;
			productType = "com.apple.product-type.bundle.unit-test";
		};
/* End PBXNativeTarget section */

/* Begin PBXProject section */
		8CB72B4D1917155D00D5AE24 /* Project object */ = {
			isa = PBXProject;
			attributes = {
				CLASSPREFIX = JRS;
				LastUpgradeCheck = 0510;
				ORGANIZATIONNAME = "Roy Stanfield";
				TargetAttributes = {
					8CB72B6F1917155D00D5AE24 = {
						TestTargetID = 8CB72B541917155D00D5AE24;
					};
				};
			};
			buildConfigurationList = 8CB72B501917155D00D5AE24 /* Build configuration list for PBXProject "ImageView" */;
			compatibilityVersion = "Xcode 3.2";
			developmentRegion = English;
			hasScannedForEncodings = 0;
			knownRegions = (
				en,
			);
			mainGroup = 8CB72B4C1917155D00D5AE24;
			productRefGroup = 8CB72B561917155D00D5AE24 /* Products */;
			projectDirPath = "";
			projectRoot = "";
			targets = (
				8CB72B541917155D00D5AE24 /* ImageView */,
				8CB72B6F1917155D00D5AE24 /* ImageViewTests */,
			);
		};
/* End PBXProject section */

/* Begin PBXResourcesBuildPhase section */
		8CB72B531917155D00D5AE24 /* Resources */ = {
			isa = PBXResourcesBuildPhase;
			buildActionMask = 2147483647;
			files = (
				8CB72B631917155D00D5AE24 /* InfoPlist.strings in Resources */,
				8CB72B6B1917155D00D5AE24 /* Images.xcassets in Resources */,
				8CB72B8C19171EB000D5AE24 /* phone.png in Resources */,
				8CB72B8D19171EB000D5AE24 /* phone@2x.png in Resources */,
			);
			runOnlyForDeploymentPostprocessing = 0;
		};
		8CB72B6E1917155D00D5AE24 /* Resources */ = {
			isa = PBXResourcesBuildPhase;
			buildActionMask = 2147483647;
			files = (
				8CB72B7C1917155D00D5AE24 /* InfoPlist.strings in Resources */,
			);
			runOnlyForDeploymentPostprocessing = 0;
		};
/* End PBXResourcesBuildPhase section */

/* Begin PBXSourcesBuildPhase section */
		8CB72B511917155D00D5AE24 /* Sources */ = {
			isa = PBXSourcesBuildPhase;
			buildActionMask = 2147483647;
			files = (
				8CB72B89191715C900D5AE24 /* JRSViewController.m in Sources */,
				8CB72B691917155D00D5AE24 /* JRSAppDelegate.m in Sources */,
				8CB72B651917155D00D5AE24 /* main.m in Sources */,
			);
			runOnlyForDeploymentPostprocessing = 0;
		};
		8CB72B6C1917155D00D5AE24 /* Sources */ = {
			isa = PBXSourcesBuildPhase;
			buildActionMask = 2147483647;
			files = (
				8CB72B7E1917155D00D5AE24 /* ImageViewTests.m in Sources */,
			);
			runOnlyForDeploymentPostprocessing = 0;
		};
/* End PBXSourcesBuildPhase section */

/* Begin PBXTargetDependency section */
		8CB72B761917155D00D5AE24 /* PBXTargetDependency */ = {
			isa = PBXTargetDependency;
			target = 8CB72B541917155D00D5AE24 /* ImageView */;
			targetProxy = 8CB72B751917155D00D5AE24 /* PBXContainerItemProxy */;
		};
/* End PBXTargetDependency section */

/* Begin PBXVariantGroup section */
		8CB72B611917155D00D5AE24 /* InfoPlist.strings */ = {
			isa = PBXVariantGroup;
			children = (
				8CB72B621917155D00D5AE24 /* en */,
			);
			name = InfoPlist.strings;
			sourceTree = "<group>";
		};
		8CB72B7A1917155D00D5AE24 /* InfoPlist.strings */ = {
			isa = PBXVariantGroup;
			children = (
				8CB72B7B1917155D00D5AE24 /* en */,
			);
			name = InfoPlist.strings;
			sourceTree = "<group>";
		};
/* End PBXVariantGroup section */

/* Begin XCBuildConfiguration section */
		8CB72B7F1917155D00D5AE24 /* Debug */ = {
			isa = XCBuildConfiguration;
			buildSettings = {
				ALWAYS_SEARCH_USER_PATHS = NO;
				CLANG_CXX_LANGUAGE_STANDARD = "gnu++0x";
				CLANG_CXX_LIBRARY = "libc++";
				CLANG_ENABLE_MODULES = YES;
				CLANG_ENABLE_OBJC_ARC = YES;
				CLANG_WARN_BOOL_CONVERSION = YES;
				CLANG_WARN_CONSTANT_CONVERSION = YES;
				CLANG_WARN_DIRECT_OBJC_ISA_USAGE = YES_ERROR;
				CLANG_WARN_EMPTY_BODY = YES;
				CLANG_WARN_ENUM_CONVERSION = YES;
				CLANG_WARN_INT_CONVERSION = YES;
				CLANG_WARN_OBJC_ROOT_CLASS = YES_ERROR;
				CLANG_WARN__DUPLICATE_METHOD_MATCH = YES;
				"CODE_SIGN_IDENTITY[sdk=iphoneos*]" = "iPhone Developer";
				COPY_PHASE_STRIP = NO;
				GCC_C_LANGUAGE_STANDARD = gnu99;
				GCC_DYNAMIC_NO_PIC = NO;
				GCC_OPTIMIZATION_LEVEL = 0;
				GCC_PREPROCESSOR_DEFINITIONS = (
					"DEBUG=1",
					"$(inherited)",
				);
				GCC_SYMBOLS_PRIVATE_EXTERN = NO;
				GCC_WARN_64_TO_32_BIT_CONVERSION = YES;
				GCC_WARN_ABOUT_RETURN_TYPE = YES_ERROR;
				GCC_WARN_UNDECLARED_SELECTOR = YES;
				GCC_WARN_UNINITIALIZED_AUTOS = YES_AGGRESSIVE;
				GCC_WARN_UNUSED_FUNCTION = YES;
				GCC_WARN_UNUSED_VARIABLE = YES;
				IPHONEOS_DEPLOYMENT_TARGET = 7.1;
				ONLY_ACTIVE_ARCH = YES;
				SDKROOT = iphoneos;
			};
			name = Debug;
		};
		8CB72B801917155D00D5AE24 /* Release */ = {
			isa = XCBuildConfiguration;
			buildSettings = {
				ALWAYS_SEARCH_USER_PATHS = NO;
				CLANG_CXX_LANGUAGE_STANDARD = "gnu++0x";
				CLANG_CXX_LIBRARY = "libc++";
				CLANG_ENABLE_MODULES = YES;
				CLANG_ENABLE_OBJC_ARC = YES;
				CLANG_WARN_BOOL_CONVERSION = YES;
				CLANG_WARN_CONSTANT_CONVERSION = YES;
				CLANG_WARN_DIRECT_OBJC_ISA_USAGE = YES_ERROR;
				CLANG_WARN_EMPTY_BODY = YES;
				CLANG_WARN_ENUM_CONVERSION = YES;
				CLANG_WARN_INT_CONVERSION = YES;
				CLANG_WARN_OBJC_ROOT_CLASS = YES_ERROR;
				CLANG_WARN__DUPLICATE_METHOD_MATCH = YES;
				"CODE_SIGN_IDENTITY[sdk=iphoneos*]" = "iPhone Developer";
				COPY_PHASE_STRIP = YES;
				ENABLE_NS_ASSERTIONS = NO;
				GCC_C_LANGUAGE_STANDARD = gnu99;
				GCC_WARN_64_TO_32_BIT_CONVERSION = YES;
				GCC_WARN_ABOUT_RETURN_TYPE = YES_ERROR;
				GCC_WARN_UNDECLARED_SELECTOR = YES;
				GCC_WARN_UNINITIALIZED_AUTOS = YES_AGGRESSIVE;
				GCC_WARN_UNUSED_FUNCTION = YES;
				GCC_WARN_UNUSED_VARIABLE = YES;
				IPHONEOS_DEPLOYMENT_TARGET = 7.1;
				SDKROOT = iphoneos;
				VALIDATE_PRODUCT = YES;
			};
			name = Release;
		};
		8CB72B821917155D00D5AE24 /* Debug */ = {
			isa = XCBuildConfiguration;
			buildSettings = {
				ASSETCATALOG_COMPILER_APPICON_NAME = AppIcon;
				ASSETCATALOG_COMPILER_LAUNCHIMAGE_NAME = LaunchImage;
				GCC_PRECOMPILE_PREFIX_HEADER = YES;
				GCC_PREFIX_HEADER = "ImageView/ImageView-Prefix.pch";
				INFOPLIST_FILE = "ImageView/ImageView-Info.plist";
				PRODUCT_NAME = "$(TARGET_NAME)";
				WRAPPER_EXTENSION = app;
			};
			name = Debug;
		};
		8CB72B831917155D00D5AE24 /* Release */ = {
			isa = XCBuildConfiguration;
			buildSettings = {
				ASSETCATALOG_COMPILER_APPICON_NAME = AppIcon;
				ASSETCATALOG_COMPILER_LAUNCHIMAGE_NAME = LaunchImage;
				GCC_PRECOMPILE_PREFIX_HEADER = YES;
				GCC_PREFIX_HEADER = "ImageView/ImageView-Prefix.pch";
				INFOPLIST_FILE = "ImageView/ImageView-Info.plist";
				PRODUCT_NAME = "$(TARGET_NAME)";
				WRAPPER_EXTENSION = app;
			};
			name = Release;
		};
		8CB72B851917155D00D5AE24 /* Debug */ = {
			isa = XCBuildConfiguration;
			buildSettings = {
				BUNDLE_LOADER = "$(BUILT_PRODUCTS_DIR)/ImageView.app/ImageView";
				FRAMEWORK_SEARCH_PATHS = (
					"$(SDKROOT)/Developer/Library/Frameworks",
					"$(inherited)",
					"$(DEVELOPER_FRAMEWORKS_DIR)",
				);
				GCC_PRECOMPILE_PREFIX_HEADER = YES;
				GCC_PREFIX_HEADER = "ImageView/ImageView-Prefix.pch";
				GCC_PREPROCESSOR_DEFINITIONS = (
					"DEBUG=1",
					"$(inherited)",
				);
				INFOPLIST_FILE = "ImageViewTests/ImageViewTests-Info.plist";
				PRODUCT_NAME = "$(TARGET_NAME)";
				TEST_HOST = "$(BUNDLE_LOADER)";
				WRAPPER_EXTENSION = xctest;
			};
			name = Debug;
		};
		8CB72B861917155D00D5AE24 /* Release */ = {
			isa = XCBuildConfiguration;
			buildSettings = {
				BUNDLE_LOADER = "$(BUILT_PRODUCTS_DIR)/ImageView.app/ImageView";
				FRAMEWORK_SEARCH_PATHS = (
					"$(SDKROOT)/Developer/Library/Frameworks",
					"$(inherited)",
					"$(DEVELOPER_FRAMEWORKS_DIR)",
				);
				GCC_PRECOMPILE_PREFIX_HEADER = YES;
				GCC_PREFIX_HEADER = "ImageView/ImageView-Prefix.pch";
				INFOPLIST_FILE = "ImageViewTests/ImageViewTests-Info.plist";
				PRODUCT_NAME = "$(TARGET_NAME)";
				TEST_HOST = "$(BUNDLE_LOADER)";
				WRAPPER_EXTENSION = xctest;
			};
			name = Release;
		};
/* End XCBuildConfiguration section */

/* Begin XCConfigurationList section */
		8CB72B501917155D00D5AE24 /* Build configuration list for PBXProject "ImageView" */ = {
			isa = XCConfigurationList;
			buildConfigurations = (
				8CB72B7F1917155D00D5AE24 /* Debug */,
				8CB72B801917155D00D5AE24 /* Release */,
			);
			defaultConfigurationIsVisible = 0;
			defaultConfigurationName = Release;
		};
		8CB72B811917155D00D5AE24 /* Build configuration list for PBXNativeTarget "ImageView" */ = {
			isa = XCConfigurationList;
			buildConfigurations = (
				8CB72B821917155D00D5AE24 /* Debug */,
				8CB72B831917155D00D5AE24 /* Release */,
			);
			defaultConfigurationIsVisible = 0;
		};
		8CB72B841917155D00D5AE24 /* Build configuration list for PBXNativeTarget "ImageViewTests" */ = {
			isa = XCConfigurationList;
			buildConfigurations = (
				8CB72B851917155D00D5AE24 /* Debug */,
				8CB72B861917155D00D5AE24 /* Release */,
			);
			defaultConfigurationIsVisible = 0;
		};
/* End XCConfigurationList section */
	};
	rootObject = 8CB72B4D1917155D00D5AE24 /* Project object */;
}
